Microsoft Visual Studio Solution File, Format Version 12.00
# Visual Studio 15
VisualStudioVersion = 15.0.27703.2000
MinimumVisualStudioVersion = 10.0.40219.1
Project("{2150E333-8FDC-42A3-9474-1A3956D46DE8}") = ".paket", ".paket", "{63297B98-5CED-492C-A5B7-A5B4F73CF142}"
	ProjectSection(SolutionItems) = preProject
		paket.dependencies = paket.dependencies
		paket.lock = paket.lock
	EndProjectSection
EndProject
Project("{F2A71F9B-5D33-465A-A702-920D77279786}") = "Confluent.Kafka.FSharp", "src\Confluent.Kafka.FSharp\Confluent.Kafka.FSharp.fsproj", "{6416ACF3-CF15-4081-9FB5-41FFAE60FA28}"
EndProject
Project("{2150E333-8FDC-42A3-9474-1A3956D46DE8}") = "project", "project", "{BF60BC93-E09B-4E5F-9D85-95A519479D54}"
	ProjectSection(SolutionItems) = preProject
		.gitattributes = .gitattributes
		.gitignore = .gitignore
		.travis.yml = .travis.yml
		appveyor.yml = appveyor.yml
		build.cmd = build.cmd
		build.fsx = build.fsx
		build.sh = build.sh
		LICENSE.txt = LICENSE.txt
		README.md = README.md
		RELEASE_NOTES.md = RELEASE_NOTES.md
	EndProjectSection
EndProject
Project("{2150E333-8FDC-42A3-9474-1A3956D46DE8}") = "tests", "tests", "{ED8079DD-2B06-4030-9F0F-DC548F98E1C4}"
EndProject
Project("{F2A71F9B-5D33-465A-A702-920D77279786}") = "Confluent.Kafka.FSharp.Tests", "tests\Confluent.Kafka.FSharp.Tests\Confluent.Kafka.FSharp.Tests.fsproj", "{3C1E132C-52DB-4837-88E3-A467F68E3E2A}"
EndProject
Project("{2150E333-8FDC-42A3-9474-1A3956D46DE8}") = "src", "src", "{F83AE0FC-2D62-4724-8F8A-8CEBCC420C51}"
EndProject
Global
	GlobalSection(SolutionConfigurationPlatforms) = preSolution
		Debug|Any CPU = Debug|Any CPU
		Release|Any CPU = Release|Any CPU
	EndGlobalSection
	GlobalSection(ProjectConfigurationPlatforms) = postSolution
		{6416ACF3-CF15-4081-9FB5-41FFAE60FA28}.Debug|Any CPU.ActiveCfg = Debug|Any CPU
		{6416ACF3-CF15-4081-9FB5-41FFAE60FA28}.Debug|Any CPU.Build.0 = Debug|Any CPU
		{6416ACF3-CF15-4081-9FB5-41FFAE60FA28}.Release|Any CPU.ActiveCfg = Release|Any CPU
		{6416ACF3-CF15-4081-9FB5-41FFAE60FA28}.Release|Any CPU.Build.0 = Release|Any CPU
		{3C1E132C-52DB-4837-88E3-A467F68E3E2A}.Debug|Any CPU.ActiveCfg = Debug|Any CPU
		{3C1E132C-52DB-4837-88E3-A467F68E3E2A}.Debug|Any CPU.Build.0 = Debug|Any CPU
		{3C1E132C-52DB-4837-88E3-A467F68E3E2A}.Release|Any CPU.ActiveCfg = Release|Any CPU
		{3C1E132C-52DB-4837-88E3-A467F68E3E2A}.Release|Any CPU.Build.0 = Release|Any CPU
	EndGlobalSection
	GlobalSection(SolutionProperties) = preSolution
		HideSolutionNode = FALSE
	EndGlobalSection
	GlobalSection(NestedProjects) = preSolution
		{6416ACF3-CF15-4081-9FB5-41FFAE60FA28} = {F83AE0FC-2D62-4724-8F8A-8CEBCC420C51}
		{3C1E132C-52DB-4837-88E3-A467F68E3E2A} = {ED8079DD-2B06-4030-9F0F-DC548F98E1C4}
	EndGlobalSection
	GlobalSection(ExtensibilityGlobals) = postSolution
		SolutionGuid = {BBF8BBE6-A5F9-4342-91CC-636FABE84B4F}
	EndGlobalSection
EndGlobal
