Microsoft Visual Studio Solution File, Format Version 12.00
# Visual Studio Version 16
VisualStudioVersion = 16.0.28606.126
MinimumVisualStudioVersion = 10.0.40219.1
Project("{2150E333-8FDC-42A3-9474-1A3956D46DE8}") = ".project", ".project", "{6EADC23C-D6CA-4CBB-AB71-DA4A218AE24D}"
	ProjectSection(SolutionItems) = preProject
		.gitattributes = .gitattributes
		.gitignore = .gitignore
		azure-pipelines.yml = azure-pipelines.yml
		build.proj = build.proj
		CHANGELOG.md = CHANGELOG.md
		CONTRIBUTING.md = CONTRIBUTING.md
		Directory.Build.props = Directory.Build.props
		Directory.Build.targets = Directory.Build.targets
		DOCUMENTATION.md = DOCUMENTATION.md
		global.json = global.json
		LICENSE = LICENSE
		README.md = README.md
		SECURITY.md = SECURITY.md
	EndProjectSection
EndProject
Project("{6EC3EE1D-3C4E-46DD-8F32-0CC8E7565705}") = "Propulsion", "src\Propulsion\Propulsion.fsproj", "{0F72360F-1C14-46E3-9A60-B6BF87BD726D}"
EndProject
Project("{6EC3EE1D-3C4E-46DD-8F32-0CC8E7565705}") = "Propulsion.Kafka", "src\Propulsion.Kafka\Propulsion.Kafka.fsproj", "{5F176C54-609B-4D2E-804B-3C1F60ADDAF4}"
EndProject
Project("{6EC3EE1D-3C4E-46DD-8F32-0CC8E7565705}") = "Propulsion.Tests", "tests\Propulsion.Tests\Propulsion.Tests.fsproj", "{BBD50DA2-7932-4D24-888D-C168F4788705}"
EndProject
Project("{6EC3EE1D-3C4E-46DD-8F32-0CC8E7565705}") = "Propulsion.EventStore", "src\Propulsion.EventStore\Propulsion.EventStore.fsproj", "{1564D314-0676-49F7-A7A1-CCA3AAF0A45F}"
EndProject
Project("{6EC3EE1D-3C4E-46DD-8F32-0CC8E7565705}") = "Propulsion.Kafka.Integration", "tests\Propulsion.Kafka.Integration\Propulsion.Kafka.Integration.fsproj", "{F59736C3-1D6F-4DB4-AEAA-8210691B3A89}"
EndProject
Project("{6EC3EE1D-3C4E-46DD-8F32-0CC8E7565705}") = "Propulsion.Tool", "tools\Propulsion.Tool\Propulsion.Tool.fsproj", "{0DBF5289-D429-406E-A195-1AB7785F51C1}"
EndProject
Project("{F2A71F9B-5D33-465A-A702-920D77279786}") = "Propulsion.SqlStreamStore", "src\Propulsion.SqlStreamStore\Propulsion.SqlStreamStore.fsproj", "{8E15F0BD-2D8F-42AE-A789-90A2F5C84CF2}"
EndProject
Project("{F2A71F9B-5D33-465A-A702-920D77279786}") = "Propulsion.CosmosStore", "src\Propulsion.CosmosStore\Propulsion.CosmosStore.fsproj", "{356294D8-DF59-4903-9A9C-03F0F459B2A3}"
EndProject
Project("{F2A71F9B-5D33-465A-A702-920D77279786}") = "Propulsion.Feed", "src\Propulsion.Feed\Propulsion.Feed.fsproj", "{B6C1C225-940C-425C-A2F7-A728AEBFCB31}"
EndProject
Project("{F2A71F9B-5D33-465A-A702-920D77279786}") = "Propulsion.CosmosStore3", "src\Propulsion.CosmosStore3\Propulsion.CosmosStore3.fsproj", "{8A2D7DDF-ED05-4871-A2B1-66D22A581C95}"
EndProject
Project("{F2A71F9B-5D33-465A-A702-920D77279786}") = "Propulsion.EventStoreDb", "src\Propulsion.EventStoreDb\Propulsion.EventStoreDb.fsproj", "{A1964569-C6A9-46D3-8DD9-01E04AF8CC81}"
EndProject
Project("{F2A71F9B-5D33-465A-A702-920D77279786}") = "Propulsion.DynamoStore", "src\Propulsion.DynamoStore\Propulsion.DynamoStore.fsproj", "{0B1D505F-FD80-428E-92E5-4367E95E96DF}"
EndProject
Project("{F2A71F9B-5D33-465A-A702-920D77279786}") = "Propulsion.DynamoStore.Constructs", "src\Propulsion.DynamoStore.Constructs\Propulsion.DynamoStore.Constructs.fsproj", "{6D82146A-98D9-4959-98C9-D16A98C31952}"
EndProject
Project("{F2A71F9B-5D33-465A-A702-920D77279786}") = "Propulsion.DynamoStore.Indexer", "src\Propulsion.DynamoStore.Indexer\Propulsion.DynamoStore.Indexer.fsproj", "{0EE2957C-92FC-4D8D-9783-A48B9BE032B7}"
EndProject
Project("{F2A71F9B-5D33-465A-A702-920D77279786}") = "Propulsion.DynamoStore.Notifier", "src\Propulsion.DynamoStore.Notifier\Propulsion.DynamoStore.Notifier.fsproj", "{0B6E39F3-5604-4238-AF03-912BADDBF8B8}"
EndProject
Project("{F2A71F9B-5D33-465A-A702-920D77279786}") = "Propulsion.MemoryStore", "src\Propulsion.MemoryStore\Propulsion.MemoryStore.fsproj", "{A2BE56FF-42DC-4B74-8228-95A1DE1759C4}"
EndProject
Project("{F2A71F9B-5D33-465A-A702-920D77279786}") = "Propulsion.DynamoStore.Lambda", "src\Propulsion.DynamoStore.Lambda\Propulsion.DynamoStore.Lambda.fsproj", "{7AEA3BB7-E5C4-4653-ABBF-F6C8476E77AF}"
EndProject
Project("{F2A71F9B-5D33-465A-A702-920D77279786}") = "Propulsion.MessageDb", "src\Propulsion.MessageDb\Propulsion.MessageDb.fsproj", "{BCAEFE2C-8D09-4F4E-B27E-62077497C752}"
EndProject
Project("{F2A71F9B-5D33-465A-A702-920D77279786}") = "Propulsion.MessageDb.Integration", "tests\Propulsion.MessageDb.Integration\Propulsion.MessageDb.Integration.fsproj", "{9738D2C1-EE7C-400F-8B14-31B5B7B66839}"
EndProject
Global
	GlobalSection(SolutionConfigurationPlatforms) = preSolution
		Debug|Any CPU = Debug|Any CPU
		Release|Any CPU = Release|Any CPU
	EndGlobalSection
	GlobalSection(ProjectConfigurationPlatforms) = postSolution
		{0F72360F-1C14-46E3-9A60-B6BF87BD726D}.Debug|Any CPU.ActiveCfg = Debug|Any CPU
		{0F72360F-1C14-46E3-9A60-B6BF87BD726D}.Debug|Any CPU.Build.0 = Debug|Any CPU
		{0F72360F-1C14-46E3-9A60-B6BF87BD726D}.Release|Any CPU.ActiveCfg = Release|Any CPU
		{0F72360F-1C14-46E3-9A60-B6BF87BD726D}.Release|Any CPU.Build.0 = Release|Any CPU
		{5F176C54-609B-4D2E-804B-3C1F60ADDAF4}.Debug|Any CPU.ActiveCfg = Debug|Any CPU
		{5F176C54-609B-4D2E-804B-3C1F60ADDAF4}.Debug|Any CPU.Build.0 = Debug|Any CPU
		{5F176C54-609B-4D2E-804B-3C1F60ADDAF4}.Release|Any CPU.ActiveCfg = Release|Any CPU
		{5F176C54-609B-4D2E-804B-3C1F60ADDAF4}.Release|Any CPU.Build.0 = Release|Any CPU
		{BBD50DA2-7932-4D24-888D-C168F4788705}.Debug|Any CPU.ActiveCfg = Debug|Any CPU
		{BBD50DA2-7932-4D24-888D-C168F4788705}.Debug|Any CPU.Build.0 = Debug|Any CPU
		{BBD50DA2-7932-4D24-888D-C168F4788705}.Release|Any CPU.ActiveCfg = Release|Any CPU
		{BBD50DA2-7932-4D24-888D-C168F4788705}.Release|Any CPU.Build.0 = Release|Any CPU
		{1564D314-0676-49F7-A7A1-CCA3AAF0A45F}.Debug|Any CPU.ActiveCfg = Debug|Any CPU
		{1564D314-0676-49F7-A7A1-CCA3AAF0A45F}.Debug|Any CPU.Build.0 = Debug|Any CPU
		{1564D314-0676-49F7-A7A1-CCA3AAF0A45F}.Release|Any CPU.ActiveCfg = Release|Any CPU
		{1564D314-0676-49F7-A7A1-CCA3AAF0A45F}.Release|Any CPU.Build.0 = Release|Any CPU
		{F59736C3-1D6F-4DB4-AEAA-8210691B3A89}.Debug|Any CPU.ActiveCfg = Debug|Any CPU
		{F59736C3-1D6F-4DB4-AEAA-8210691B3A89}.Debug|Any CPU.Build.0 = Debug|Any CPU
		{F59736C3-1D6F-4DB4-AEAA-8210691B3A89}.Release|Any CPU.ActiveCfg = Release|Any CPU
		{F59736C3-1D6F-4DB4-AEAA-8210691B3A89}.Release|Any CPU.Build.0 = Release|Any CPU
		{0DBF5289-D429-406E-A195-1AB7785F51C1}.Debug|Any CPU.ActiveCfg = Debug|Any CPU
		{0DBF5289-D429-406E-A195-1AB7785F51C1}.Debug|Any CPU.Build.0 = Debug|Any CPU
		{0DBF5289-D429-406E-A195-1AB7785F51C1}.Release|Any CPU.ActiveCfg = Release|Any CPU
		{0DBF5289-D429-406E-A195-1AB7785F51C1}.Release|Any CPU.Build.0 = Release|Any CPU
		{8E15F0BD-2D8F-42AE-A789-90A2F5C84CF2}.Debug|Any CPU.ActiveCfg = Debug|Any CPU
		{8E15F0BD-2D8F-42AE-A789-90A2F5C84CF2}.Debug|Any CPU.Build.0 = Debug|Any CPU
		{8E15F0BD-2D8F-42AE-A789-90A2F5C84CF2}.Release|Any CPU.ActiveCfg = Release|Any CPU
		{8E15F0BD-2D8F-42AE-A789-90A2F5C84CF2}.Release|Any CPU.Build.0 = Release|Any CPU
		{356294D8-DF59-4903-9A9C-03F0F459B2A3}.Debug|Any CPU.ActiveCfg = Debug|Any CPU
		{356294D8-DF59-4903-9A9C-03F0F459B2A3}.Debug|Any CPU.Build.0 = Debug|Any CPU
		{356294D8-DF59-4903-9A9C-03F0F459B2A3}.Release|Any CPU.ActiveCfg = Release|Any CPU
		{356294D8-DF59-4903-9A9C-03F0F459B2A3}.Release|Any CPU.Build.0 = Release|Any CPU
		{B6C1C225-940C-425C-A2F7-A728AEBFCB31}.Debug|Any CPU.ActiveCfg = Debug|Any CPU
		{B6C1C225-940C-425C-A2F7-A728AEBFCB31}.Debug|Any CPU.Build.0 = Debug|Any CPU
		{B6C1C225-940C-425C-A2F7-A728AEBFCB31}.Release|Any CPU.ActiveCfg = Release|Any CPU
		{B6C1C225-940C-425C-A2F7-A728AEBFCB31}.Release|Any CPU.Build.0 = Release|Any CPU
		{8A2D7DDF-ED05-4871-A2B1-66D22A581C95}.Debug|Any CPU.ActiveCfg = Debug|Any CPU
		{8A2D7DDF-ED05-4871-A2B1-66D22A581C95}.Debug|Any CPU.Build.0 = Debug|Any CPU
		{8A2D7DDF-ED05-4871-A2B1-66D22A581C95}.Release|Any CPU.ActiveCfg = Release|Any CPU
		{8A2D7DDF-ED05-4871-A2B1-66D22A581C95}.Release|Any CPU.Build.0 = Release|Any CPU
		{A1964569-C6A9-46D3-8DD9-01E04AF8CC81}.Debug|Any CPU.ActiveCfg = Debug|Any CPU
		{A1964569-C6A9-46D3-8DD9-01E04AF8CC81}.Debug|Any CPU.Build.0 = Debug|Any CPU
		{A1964569-C6A9-46D3-8DD9-01E04AF8CC81}.Release|Any CPU.ActiveCfg = Release|Any CPU
		{A1964569-C6A9-46D3-8DD9-01E04AF8CC81}.Release|Any CPU.Build.0 = Release|Any CPU
		{0B1D505F-FD80-428E-92E5-4367E95E96DF}.Debug|Any CPU.ActiveCfg = Debug|Any CPU
		{0B1D505F-FD80-428E-92E5-4367E95E96DF}.Debug|Any CPU.Build.0 = Debug|Any CPU
		{0B1D505F-FD80-428E-92E5-4367E95E96DF}.Release|Any CPU.ActiveCfg = Release|Any CPU
		{0B1D505F-FD80-428E-92E5-4367E95E96DF}.Release|Any CPU.Build.0 = Release|Any CPU
		{0EE2957C-92FC-4D8D-9783-A48B9BE032B7}.Debug|Any CPU.ActiveCfg = Debug|Any CPU
		{0EE2957C-92FC-4D8D-9783-A48B9BE032B7}.Debug|Any CPU.Build.0 = Debug|Any CPU
		{0EE2957C-92FC-4D8D-9783-A48B9BE032B7}.Release|Any CPU.ActiveCfg = Release|Any CPU
		{0EE2957C-92FC-4D8D-9783-A48B9BE032B7}.Release|Any CPU.Build.0 = Release|Any CPU
		{BC68A82F-B702-4742-97A7-7B04D4293E47}.Debug|Any CPU.ActiveCfg = Debug|Any CPU
		{BC68A82F-B702-4742-97A7-7B04D4293E47}.Debug|Any CPU.Build.0 = Debug|Any CPU
		{BC68A82F-B702-4742-97A7-7B04D4293E47}.Release|Any CPU.ActiveCfg = Release|Any CPU
		{BC68A82F-B702-4742-97A7-7B04D4293E47}.Release|Any CPU.Build.0 = Release|Any CPU
		{6D82146A-98D9-4959-98C9-D16A98C31952}.Debug|Any CPU.ActiveCfg = Debug|Any CPU
		{6D82146A-98D9-4959-98C9-D16A98C31952}.Debug|Any CPU.Build.0 = Debug|Any CPU
		{6D82146A-98D9-4959-98C9-D16A98C31952}.Release|Any CPU.ActiveCfg = Release|Any CPU
		{6D82146A-98D9-4959-98C9-D16A98C31952}.Release|Any CPU.Build.0 = Release|Any CPU
		{A2BE56FF-42DC-4B74-8228-95A1DE1759C4}.Debug|Any CPU.ActiveCfg = Debug|Any CPU
		{A2BE56FF-42DC-4B74-8228-95A1DE1759C4}.Debug|Any CPU.Build.0 = Debug|Any CPU
		{A2BE56FF-42DC-4B74-8228-95A1DE1759C4}.Release|Any CPU.ActiveCfg = Release|Any CPU
		{A2BE56FF-42DC-4B74-8228-95A1DE1759C4}.Release|Any CPU.Build.0 = Release|Any CPU
		{0B6E39F3-5604-4238-AF03-912BADDBF8B8}.Debug|Any CPU.ActiveCfg = Debug|Any CPU
		{0B6E39F3-5604-4238-AF03-912BADDBF8B8}.Debug|Any CPU.Build.0 = Debug|Any CPU
		{0B6E39F3-5604-4238-AF03-912BADDBF8B8}.Release|Any CPU.ActiveCfg = Release|Any CPU
		{0B6E39F3-5604-4238-AF03-912BADDBF8B8}.Release|Any CPU.Build.0 = Release|Any CPU
		{1DE509D9-2B7D-42EB-B94D-512BBB0A3BBA}.Debug|Any CPU.ActiveCfg = Debug|Any CPU
		{1DE509D9-2B7D-42EB-B94D-512BBB0A3BBA}.Debug|Any CPU.Build.0 = Debug|Any CPU
		{1DE509D9-2B7D-42EB-B94D-512BBB0A3BBA}.Release|Any CPU.ActiveCfg = Release|Any CPU
		{1DE509D9-2B7D-42EB-B94D-512BBB0A3BBA}.Release|Any CPU.Build.0 = Release|Any CPU
		{53176482-27BD-4A95-99E5-B22747D35A1F}.Debug|Any CPU.ActiveCfg = Debug|Any CPU
		{53176482-27BD-4A95-99E5-B22747D35A1F}.Debug|Any CPU.Build.0 = Debug|Any CPU
		{53176482-27BD-4A95-99E5-B22747D35A1F}.Release|Any CPU.ActiveCfg = Release|Any CPU
		{53176482-27BD-4A95-99E5-B22747D35A1F}.Release|Any CPU.Build.0 = Release|Any CPU
		{B3D22A7D-0722-48B5-AC32-BA48DA90EDA8}.Debug|Any CPU.ActiveCfg = Debug|Any CPU
		{B3D22A7D-0722-48B5-AC32-BA48DA90EDA8}.Debug|Any CPU.Build.0 = Debug|Any CPU
		{B3D22A7D-0722-48B5-AC32-BA48DA90EDA8}.Release|Any CPU.ActiveCfg = Release|Any CPU
		{B3D22A7D-0722-48B5-AC32-BA48DA90EDA8}.Release|Any CPU.Build.0 = Release|Any CPU
		{7AEA3BB7-E5C4-4653-ABBF-F6C8476E77AF}.Debug|Any CPU.ActiveCfg = Debug|Any CPU
		{7AEA3BB7-E5C4-4653-ABBF-F6C8476E77AF}.Debug|Any CPU.Build.0 = Debug|Any CPU
		{7AEA3BB7-E5C4-4653-ABBF-F6C8476E77AF}.Release|Any CPU.ActiveCfg = Release|Any CPU
		{7AEA3BB7-E5C4-4653-ABBF-F6C8476E77AF}.Release|Any CPU.Build.0 = Release|Any CPU
		{BCAEFE2C-8D09-4F4E-B27E-62077497C752}.Debug|Any CPU.ActiveCfg = Debug|Any CPU
		{BCAEFE2C-8D09-4F4E-B27E-62077497C752}.Debug|Any CPU.Build.0 = Debug|Any CPU
		{BCAEFE2C-8D09-4F4E-B27E-62077497C752}.Release|Any CPU.ActiveCfg = Release|Any CPU
		{BCAEFE2C-8D09-4F4E-B27E-62077497C752}.Release|Any CPU.Build.0 = Release|Any CPU
		{9738D2C1-EE7C-400F-8B14-31B5B7B66839}.Debug|Any CPU.ActiveCfg = Debug|Any CPU
		{9738D2C1-EE7C-400F-8B14-31B5B7B66839}.Debug|Any CPU.Build.0 = Debug|Any CPU
		{9738D2C1-EE7C-400F-8B14-31B5B7B66839}.Release|Any CPU.ActiveCfg = Release|Any CPU
		{9738D2C1-EE7C-400F-8B14-31B5B7B66839}.Release|Any CPU.Build.0 = Release|Any CPU
	EndGlobalSection
	GlobalSection(SolutionProperties) = preSolution
		HideSolutionNode = FALSE
	EndGlobalSection
	GlobalSection(NestedProjects) = preSolution
	EndGlobalSection
	GlobalSection(ExtensibilityGlobals) = postSolution
		SolutionGuid = {DF04AF73-7412-46E5-9CC8-15CB48E3139A}
	EndGlobalSection
EndGlobal
