Microsoft Visual Studio Solution File, Format Version 12.00
# Visual Studio Version 16
VisualStudioVersion = 16.0.28606.126
MinimumVisualStudioVersion = 10.0.40219.1
Project("{2150E333-8FDC-42A3-9474-1A3956D46DE8}") = "tests", "tests", "{302B09C4-7F38-4CF7-93B9-1B7A6035386E}"
EndProject
Project("{2150E333-8FDC-42A3-9474-1A3956D46DE8}") = "Solution Items", "Solution Items", "{6EADC23C-D6CA-4CBB-AB71-DA4A218AE24D}"
	ProjectSection(SolutionItems) = preProject
		.gitattributes = .gitattributes
		.gitignore = .gitignore
		azure-pipelines.yml = azure-pipelines.yml
		build.proj = build.proj
		CHANGELOG.md = CHANGELOG.md
		CONTRIBUTING.md = CONTRIBUTING.md
		Directory.Build.props = Directory.Build.props
		Directory.Build.targets = Directory.Build.targets
		DOCUMENTATION.md = DOCUMENTATION.md
		global.json = global.json
		LICENSE = LICENSE
		README.md = README.md
		SECURITY.md = SECURITY.md
	EndProjectSection
EndProject
Project("{2150E333-8FDC-42A3-9474-1A3956D46DE8}") = "src", "src", "{4670F7C4-A4FD-4E3F-B97C-99F9B3FC1898}"
EndProject
Project("{6EC3EE1D-3C4E-46DD-8F32-0CC8E7565705}") = "Propulsion", "src\Propulsion\Propulsion.fsproj", "{0F72360F-1C14-46E3-9A60-B6BF87BD726D}"
EndProject
Project("{6EC3EE1D-3C4E-46DD-8F32-0CC8E7565705}") = "Propulsion.Kafka", "src\Propulsion.Kafka\Propulsion.Kafka.fsproj", "{5F176C54-609B-4D2E-804B-3C1F60ADDAF4}"
EndProject
Project("{6EC3EE1D-3C4E-46DD-8F32-0CC8E7565705}") = "Propulsion.Tests", "tests\Propulsion.Tests\Propulsion.Tests.fsproj", "{BBD50DA2-7932-4D24-888D-C168F4788705}"
EndProject
Project("{6EC3EE1D-3C4E-46DD-8F32-0CC8E7565705}") = "Propulsion.Cosmos", "src\Propulsion.Cosmos\Propulsion.Cosmos.fsproj", "{A3615CCC-1CBC-463A-8E1C-5FC67440C5E8}"
EndProject
Project("{6EC3EE1D-3C4E-46DD-8F32-0CC8E7565705}") = "Propulsion.EventStore", "src\Propulsion.EventStore\Propulsion.EventStore.fsproj", "{1564D314-0676-49F7-A7A1-CCA3AAF0A45F}"
EndProject
Project("{6EC3EE1D-3C4E-46DD-8F32-0CC8E7565705}") = "Propulsion.Kafka.Integration", "tests\Propulsion.Kafka.Integration\Propulsion.Kafka.Integration.fsproj", "{F59736C3-1D6F-4DB4-AEAA-8210691B3A89}"
EndProject
Project("{6EC3EE1D-3C4E-46DD-8F32-0CC8E7565705}") = "Propulsion.Kafka0", "src\Propulsion.Kafka0\Propulsion.Kafka0.fsproj", "{DF94FCE3-25A7-42FE-9CE5-11969302EE4C}"
EndProject
Project("{6EC3EE1D-3C4E-46DD-8F32-0CC8E7565705}") = "Propulsion.Kafka0.Integration", "tests\Propulsion.Kafka0.Integration\Propulsion.Kafka0.Integration.fsproj", "{74C2044E-4F3F-41FC-AA42-B1A0D71D0AD0}"
EndProject
Project("{2150E333-8FDC-42A3-9474-1A3956D46DE8}") = "tools", "tools", "{8DF0ED1F-DE93-45A6-B2E3-A077731EA1A3}"
EndProject
Project("{6EC3EE1D-3C4E-46DD-8F32-0CC8E7565705}") = "Propulsion.Tool", "tools\Propulsion.Tool\Propulsion.Tool.fsproj", "{0DBF5289-D429-406E-A195-1AB7785F51C1}"
EndProject
Project("{F2A71F9B-5D33-465A-A702-920D77279786}") = "Propulsion.SqlStreamStore", "src\Propulsion.SqlStreamStore\Propulsion.SqlStreamStore.fsproj", "{8E15F0BD-2D8F-42AE-A789-90A2F5C84CF2}"
EndProject
Project("{F2A71F9B-5D33-465A-A702-920D77279786}") = "Equinox.CosmosStore", "..\equinox\src\Equinox.CosmosStore\Equinox.CosmosStore.fsproj", "{EC3874DA-98D2-40ED-9B60-43BC31B33E5F}"
EndProject
Project("{F2A71F9B-5D33-465A-A702-920D77279786}") = "Propulsion.CosmosStore", "src\Propulsion.CosmosStore\Propulsion.CosmosStore.fsproj", "{356294D8-DF59-4903-9A9C-03F0F459B2A3}"
EndProject
Global
	GlobalSection(SolutionConfigurationPlatforms) = preSolution
		Debug|Any CPU = Debug|Any CPU
		Release|Any CPU = Release|Any CPU
	EndGlobalSection
	GlobalSection(ProjectConfigurationPlatforms) = postSolution
		{0F72360F-1C14-46E3-9A60-B6BF87BD726D}.Debug|Any CPU.ActiveCfg = Debug|Any CPU
		{0F72360F-1C14-46E3-9A60-B6BF87BD726D}.Debug|Any CPU.Build.0 = Debug|Any CPU
		{0F72360F-1C14-46E3-9A60-B6BF87BD726D}.Release|Any CPU.ActiveCfg = Release|Any CPU
		{0F72360F-1C14-46E3-9A60-B6BF87BD726D}.Release|Any CPU.Build.0 = Release|Any CPU
		{5F176C54-609B-4D2E-804B-3C1F60ADDAF4}.Debug|Any CPU.ActiveCfg = Debug|Any CPU
		{5F176C54-609B-4D2E-804B-3C1F60ADDAF4}.Debug|Any CPU.Build.0 = Debug|Any CPU
		{5F176C54-609B-4D2E-804B-3C1F60ADDAF4}.Release|Any CPU.ActiveCfg = Release|Any CPU
		{5F176C54-609B-4D2E-804B-3C1F60ADDAF4}.Release|Any CPU.Build.0 = Release|Any CPU
		{BBD50DA2-7932-4D24-888D-C168F4788705}.Debug|Any CPU.ActiveCfg = Debug|Any CPU
		{BBD50DA2-7932-4D24-888D-C168F4788705}.Debug|Any CPU.Build.0 = Debug|Any CPU
		{BBD50DA2-7932-4D24-888D-C168F4788705}.Release|Any CPU.ActiveCfg = Release|Any CPU
		{BBD50DA2-7932-4D24-888D-C168F4788705}.Release|Any CPU.Build.0 = Release|Any CPU
		{A3615CCC-1CBC-463A-8E1C-5FC67440C5E8}.Debug|Any CPU.ActiveCfg = Debug|Any CPU
		{A3615CCC-1CBC-463A-8E1C-5FC67440C5E8}.Debug|Any CPU.Build.0 = Debug|Any CPU
		{A3615CCC-1CBC-463A-8E1C-5FC67440C5E8}.Release|Any CPU.ActiveCfg = Release|Any CPU
		{A3615CCC-1CBC-463A-8E1C-5FC67440C5E8}.Release|Any CPU.Build.0 = Release|Any CPU
		{1564D314-0676-49F7-A7A1-CCA3AAF0A45F}.Debug|Any CPU.ActiveCfg = Debug|Any CPU
		{1564D314-0676-49F7-A7A1-CCA3AAF0A45F}.Debug|Any CPU.Build.0 = Debug|Any CPU
		{1564D314-0676-49F7-A7A1-CCA3AAF0A45F}.Release|Any CPU.ActiveCfg = Release|Any CPU
		{1564D314-0676-49F7-A7A1-CCA3AAF0A45F}.Release|Any CPU.Build.0 = Release|Any CPU
		{F59736C3-1D6F-4DB4-AEAA-8210691B3A89}.Debug|Any CPU.ActiveCfg = Debug|Any CPU
		{F59736C3-1D6F-4DB4-AEAA-8210691B3A89}.Debug|Any CPU.Build.0 = Debug|Any CPU
		{F59736C3-1D6F-4DB4-AEAA-8210691B3A89}.Release|Any CPU.ActiveCfg = Release|Any CPU
		{F59736C3-1D6F-4DB4-AEAA-8210691B3A89}.Release|Any CPU.Build.0 = Release|Any CPU
		{DF94FCE3-25A7-42FE-9CE5-11969302EE4C}.Debug|Any CPU.ActiveCfg = Debug|Any CPU
		{DF94FCE3-25A7-42FE-9CE5-11969302EE4C}.Debug|Any CPU.Build.0 = Debug|Any CPU
		{DF94FCE3-25A7-42FE-9CE5-11969302EE4C}.Release|Any CPU.ActiveCfg = Release|Any CPU
		{DF94FCE3-25A7-42FE-9CE5-11969302EE4C}.Release|Any CPU.Build.0 = Release|Any CPU
		{74C2044E-4F3F-41FC-AA42-B1A0D71D0AD0}.Debug|Any CPU.ActiveCfg = Debug|Any CPU
		{74C2044E-4F3F-41FC-AA42-B1A0D71D0AD0}.Debug|Any CPU.Build.0 = Debug|Any CPU
		{74C2044E-4F3F-41FC-AA42-B1A0D71D0AD0}.Release|Any CPU.ActiveCfg = Release|Any CPU
		{74C2044E-4F3F-41FC-AA42-B1A0D71D0AD0}.Release|Any CPU.Build.0 = Release|Any CPU
		{0DBF5289-D429-406E-A195-1AB7785F51C1}.Debug|Any CPU.ActiveCfg = Debug|Any CPU
		{0DBF5289-D429-406E-A195-1AB7785F51C1}.Debug|Any CPU.Build.0 = Debug|Any CPU
		{0DBF5289-D429-406E-A195-1AB7785F51C1}.Release|Any CPU.ActiveCfg = Release|Any CPU
		{0DBF5289-D429-406E-A195-1AB7785F51C1}.Release|Any CPU.Build.0 = Release|Any CPU
		{8E15F0BD-2D8F-42AE-A789-90A2F5C84CF2}.Debug|Any CPU.ActiveCfg = Debug|Any CPU
		{8E15F0BD-2D8F-42AE-A789-90A2F5C84CF2}.Debug|Any CPU.Build.0 = Debug|Any CPU
		{8E15F0BD-2D8F-42AE-A789-90A2F5C84CF2}.Release|Any CPU.ActiveCfg = Release|Any CPU
		{8E15F0BD-2D8F-42AE-A789-90A2F5C84CF2}.Release|Any CPU.Build.0 = Release|Any CPU
		{EC3874DA-98D2-40ED-9B60-43BC31B33E5F}.Debug|Any CPU.ActiveCfg = Debug|Any CPU
		{EC3874DA-98D2-40ED-9B60-43BC31B33E5F}.Debug|Any CPU.Build.0 = Debug|Any CPU
		{EC3874DA-98D2-40ED-9B60-43BC31B33E5F}.Release|Any CPU.ActiveCfg = Release|Any CPU
		{EC3874DA-98D2-40ED-9B60-43BC31B33E5F}.Release|Any CPU.Build.0 = Release|Any CPU
		{356294D8-DF59-4903-9A9C-03F0F459B2A3}.Debug|Any CPU.ActiveCfg = Debug|Any CPU
		{356294D8-DF59-4903-9A9C-03F0F459B2A3}.Debug|Any CPU.Build.0 = Debug|Any CPU
		{356294D8-DF59-4903-9A9C-03F0F459B2A3}.Release|Any CPU.ActiveCfg = Release|Any CPU
		{356294D8-DF59-4903-9A9C-03F0F459B2A3}.Release|Any CPU.Build.0 = Release|Any CPU
	EndGlobalSection
	GlobalSection(SolutionProperties) = preSolution
		HideSolutionNode = FALSE
	EndGlobalSection
	GlobalSection(NestedProjects) = preSolution
		{0F72360F-1C14-46E3-9A60-B6BF87BD726D} = {4670F7C4-A4FD-4E3F-B97C-99F9B3FC1898}
		{5F176C54-609B-4D2E-804B-3C1F60ADDAF4} = {4670F7C4-A4FD-4E3F-B97C-99F9B3FC1898}
		{BBD50DA2-7932-4D24-888D-C168F4788705} = {302B09C4-7F38-4CF7-93B9-1B7A6035386E}
		{A3615CCC-1CBC-463A-8E1C-5FC67440C5E8} = {4670F7C4-A4FD-4E3F-B97C-99F9B3FC1898}
		{1564D314-0676-49F7-A7A1-CCA3AAF0A45F} = {4670F7C4-A4FD-4E3F-B97C-99F9B3FC1898}
		{F59736C3-1D6F-4DB4-AEAA-8210691B3A89} = {302B09C4-7F38-4CF7-93B9-1B7A6035386E}
		{DF94FCE3-25A7-42FE-9CE5-11969302EE4C} = {4670F7C4-A4FD-4E3F-B97C-99F9B3FC1898}
		{74C2044E-4F3F-41FC-AA42-B1A0D71D0AD0} = {302B09C4-7F38-4CF7-93B9-1B7A6035386E}
		{0DBF5289-D429-406E-A195-1AB7785F51C1} = {8DF0ED1F-DE93-45A6-B2E3-A077731EA1A3}
		{8E15F0BD-2D8F-42AE-A789-90A2F5C84CF2} = {4670F7C4-A4FD-4E3F-B97C-99F9B3FC1898}
		{EC3874DA-98D2-40ED-9B60-43BC31B33E5F} = {4670F7C4-A4FD-4E3F-B97C-99F9B3FC1898}
		{356294D8-DF59-4903-9A9C-03F0F459B2A3} = {4670F7C4-A4FD-4E3F-B97C-99F9B3FC1898}
	EndGlobalSection
	GlobalSection(ExtensibilityGlobals) = postSolution
		SolutionGuid = {DF04AF73-7412-46E5-9CC8-15CB48E3139A}
	EndGlobalSection
EndGlobal
